{
  "version": 4,
  "terraform_version": "0.12.3",
  "serial": 128,
  "lineage": "1d49e65f-66ab-6d5f-50c9-034762448fe1",
  "outputs": {},
  "resources": [
    {
      "mode": "managed",
      "type": "google_compute_firewall",
      "name": "default",
      "provider": "provider.google",
      "instances": [
        {
          "schema_version": 1,
          "attributes": {
            "allow": [
              {
                "ports": [
                  "22",
                  "4200"
                ],
                "protocol": "tcp"
              }
            ],
            "creation_timestamp": "2019-07-11T07:22:46.003-07:00",
            "deny": [],
            "description": "",
            "destination_ranges": [],
            "direction": "INGRESS",
            "disabled": false,
            "id": "poolui-firewall",
            "name": "poolui-firewall",
            "network": "https://www.googleapis.com/compute/v1/projects/gcp-week-246209/global/networks/default",
            "priority": 1000,
            "project": "gcp-week-246209",
            "self_link": "https://www.googleapis.com/compute/v1/projects/gcp-week-246209/global/firewalls/poolui-firewall",
            "source_ranges": [
              "0.0.0.0/0"
            ],
            "source_service_accounts": [],
            "source_tags": [],
            "target_service_accounts": [],
            "target_tags": [
              "poolui"
            ],
            "timeouts": null
          },
          "private": "eyJlMmJmYjczMC1lY2FhLTExZTYtOGY4OC0zNDM2M2JjN2M0YzAiOnsiY3JlYXRlIjoyNDAwMDAwMDAwMDAsImRlbGV0ZSI6MjQwMDAwMDAwMDAwLCJ1cGRhdGUiOjI0MDAwMDAwMDAwMH0sInNjaGVtYV92ZXJzaW9uIjoiMSJ9"
        }
      ]
    },
    {
      "mode": "managed",
      "type": "google_compute_instance",
      "name": "default",
      "provider": "provider.google",
      "instances": [
        {
          "schema_version": 6,
          "attributes": {
            "allow_stopping_for_update": null,
            "attached_disk": [],
            "boot_disk": [
              {
                "auto_delete": true,
                "device_name": "persistent-disk-0",
                "disk_encryption_key_raw": "",
                "disk_encryption_key_sha256": "",
                "initialize_params": [
                  {
                    "image": "https://www.googleapis.com/compute/v1/projects/ubuntu-os-cloud/global/images/ubuntu-1804-bionic-v20190628",
                    "size": 10,
                    "type": "pd-standard"
                  }
                ],
                "kms_key_self_link": "",
                "source": "https://www.googleapis.com/compute/v1/projects/gcp-week-246209/zones/europe-west2-c/disks/poolui-201907120819"
              }
            ],
            "can_ip_forward": false,
            "cpu_platform": "Intel Broadwell",
            "deletion_protection": false,
            "description": null,
            "disk": [],
            "guest_accelerator": [],
            "hostname": "",
            "id": "poolui-201907120819",
            "instance_id": "7221002485451062345",
            "label_fingerprint": "42WmSpB8rSM=",
            "labels": null,
            "machine_type": "n1-standard-2",
            "metadata": {
              "sshKeys": "poolui:ssh-rsa AAAAB3NzaC1yc2EAAAADAQABAAABAQDQ1/inntjLFJommUabFmuSv2pUCeT3SxAeVUn11wKYILLJsSoRHpLR7hhGpYPXPwf1o6M2eu6ZnhxtR7oPs80OJeCEzzqFK5x6rjWjF5dB4vI+YINrd0Hv1AK8J6Ad5IeX69O/tKXVWein1zw4L8PW8ABvXGIe8QEilxaKqFUkvWDiSZnDxyGjwtKiTWPrzLMsCD6PSxg3khg6e34fL20Ed5EHhWeGqkhqirKqT4eRThS64gEdcJsvms8LsNfBTo/JUMLDuf7xyb4b83PupGra61uc/cavxtJqlRRQSNwMM1sVqqexkyO27bJzmNbZLOfUro1q4C7n660e0i3t1+tx jay@ubuntu\n"
            },
            "metadata_fingerprint": "mt_mFbaQ7n4=",
            "metadata_startup_script": "",
            "min_cpu_platform": "",
            "name": "poolui-201907120819",
            "network_interface": [
              {
                "access_config": [
                  {
                    "assigned_nat_ip": "",
                    "nat_ip": "35.197.237.26",
                    "network_tier": "PREMIUM",
                    "public_ptr_domain_name": ""
                  }
                ],
                "address": "",
                "alias_ip_range": [],
                "name": "nic0",
                "network": "https://www.googleapis.com/compute/v1/projects/gcp-week-246209/global/networks/default",
                "network_ip": "10.154.0.28",
                "subnetwork": "https://www.googleapis.com/compute/v1/projects/gcp-week-246209/regions/europe-west2/subnetworks/default",
                "subnetwork_project": "gcp-week-246209"
              }
            ],
            "project": "gcp-week-246209",
            "scheduling": [
              {
                "automatic_restart": true,
                "node_affinities": [],
                "on_host_maintenance": "MIGRATE",
                "preemptible": false
              }
            ],
            "scratch_disk": [],
            "self_link": "https://www.googleapis.com/compute/v1/projects/gcp-week-246209/zones/europe-west2-c/instances/poolui-201907120819",
            "service_account": [],
            "shielded_instance_config": [],
            "tags": [
              "poolui"
            ],
            "tags_fingerprint": "73Rfu7-08os=",
            "timeouts": null,
            "zone": "europe-west2-c"
          },
          "private": "eyJlMmJmYjczMC1lY2FhLTExZTYtOGY4OC0zNDM2M2JjN2M0YzAiOnsiY3JlYXRlIjoxMjAwMDAwMDAwMDAwLCJkZWxldGUiOjEyMDAwMDAwMDAwMDAsInVwZGF0ZSI6MTIwMDAwMDAwMDAwMH0sInNjaGVtYV92ZXJzaW9uIjoiNiJ9"
        }
      ]
    }
  ]
}
